PODS:
  - Realm (10.9.0):
    - Realm/Headers (= 10.9.0)
  - Realm/Headers (10.9.0)
  - RealmSwift (10.9.0):
    - Realm (= 10.9.0)
  - SDWebImage (5.11.1):
    - SDWebImage/Core (= 5.11.1)
  - SDWebImage/Core (5.11.1)
  - SwiftLint (0.52.4)
  - SwiftyXMLParser (5.3.0)
  - XMLCoder (0.12.0)

DEPENDENCIES:
  - RealmSwift
  - SDWebImage
  - SwiftLint
  - SwiftyXMLParser
  - XMLCoder

SPEC REPOS:
  trunk:
    - Realm
    - RealmSwift
    - SDWebImage
    - SwiftLint
    - SwiftyXMLParser
    - XMLCoder

SPEC CHECKSUMS:
  Realm: 9feef41ab8230ed706c4dc503fc292594915bf9a
  RealmSwift: 91246183b772e0ea1bf777116c4b8d9939f983b3
  SDWebImage: a7f831e1a65eb5e285e3fb046a23fcfbf08e696d
  SwiftLint: 1cc5cd61ba9bacb2194e340aeb47a2a37fda00b3
  SwiftyXMLParser: 0985085180f1ee01916cd9b5c1a4f0a8f493c084
  XMLCoder: f884dfa894a6f8b7dce465e4f6c02963bf17e028

PODFILE CHECKSUM: 32898d73c54f9effc400004cd22638b3a175121d

COCOAPODS: 1.12.1
