PODS:
  - SDWebImage (5.11.1):
    - SDWebImage/Core (= 5.11.1)
  - SDWebImage/Core (5.11.1)
  - XMLCoder (0.12.0)

DEPENDENCIES:
  - SDWebImage
  - XMLCoder

SPEC REPOS:
  trunk:
    - SDWebImage
    - XMLCoder

SPEC CHECKSUMS:
  SDWebImage: a7f831e1a65eb5e285e3fb046a23fcfbf08e696d
  XMLCoder: f884dfa894a6f8b7dce465e4f6c02963bf17e028

PODFILE CHECKSUM: e54d81b299134109e66fbffacd0c33e2696bd70a

COCOAPODS: 1.10.1
